{
  "name": "8Puzzle",
  "version": "1.0.0",
  "lockfileVersion": 1,
  "requires": true,
  "dependencies": {
    "manhattan": {
      "version": "1.0.0",
      "resolved": "https://registry.npmjs.org/manhattan/-/manhattan-1.0.0.tgz",
      "integrity": "sha512-PIHWL7/v3GAgNS+aBq3reCkBZZCC5btsyRjAUsbInkNjKpN5VRQAjTnU/+jr9AEeEi8dLy4e7Jrc3Z6iyVu3Sw=="
    },
    "matrix-js": {
      "version": "1.4.0",
      "resolved": "https://registry.npmjs.org/matrix-js/-/matrix-js-1.4.0.tgz",
      "integrity": "sha512-PAk8Ve1RVAcyCLz99eNJBdY58eg1HNM84dRNXYDim+8ywxIuULXfneiafO3Pm9HPo3Ktm5BCXgwOytfAihTrcQ=="
    }
  }
}
